// !$*UTF8*$!
{
	archiveVersion = 1;
	classes = {
	};
	objectVersion = 50;
	objects = {

/* Begin PBXBuildFile section */
		A5160A5B25489BE700A86C1E /* AppDelegate.swift in Sources */ = {isa = PBXBuildFile; fileRef = A5160A5A25489BE700A86C1E /* AppDelegate.swift */; };
		A5160A5D25489BE700A86C1E /* SceneDelegate.swift in Sources */ = {isa = PBXBuildFile; fileRef = A5160A5C25489BE700A86C1E /* SceneDelegate.swift */; };
		A5160A5F25489BE700A86C1E /* PhotosViewController.swift in Sources */ = {isa = PBXBuildFile; fileRef = A5160A5E25489BE700A86C1E /* PhotosViewController.swift */; };
		A5160A6225489BE700A86C1E /* Main.storyboard in Resources */ = {isa = PBXBuildFile; fileRef = A5160A6025489BE700A86C1E /* Main.storyboard */; };
		A5160A6425489BEE00A86C1E /* Assets.xcassets in Resources */ = {isa = PBXBuildFile; fileRef = A5160A6325489BEE00A86C1E /* Assets.xcassets */; };
		A5160A6725489BEE00A86C1E /* LaunchScreen.storyboard in Resources */ = {isa = PBXBuildFile; fileRef = A5160A6525489BEE00A86C1E /* LaunchScreen.storyboard */; };
		A5160A712548ABC700A86C1E /* FlickrAPI.swift in Sources */ = {isa = PBXBuildFile; fileRef = A5160A702548ABC700A86C1E /* FlickrAPI.swift */; };
		A5160A742548B8CC00A86C1E /* PhotoStore.swift in Sources */ = {isa = PBXBuildFile; fileRef = A5160A732548B8CC00A86C1E /* PhotoStore.swift */; };
		A5160A772549431700A86C1E /* Photo.swift in Sources */ = {isa = PBXBuildFile; fileRef = A5160A762549431700A86C1E /* Photo.swift */; };
		A56981FA254AAB5A00863860 /* PhotoDataSource.swift in Sources */ = {isa = PBXBuildFile; fileRef = A56981F9254AAB5A00863860 /* PhotoDataSource.swift */; };
		A56981FD254AADCB00863860 /* allPhotoViewController.swift in Sources */ = {isa = PBXBuildFile; fileRef = A56981FC254AADCB00863860 /* allPhotoViewController.swift */; };
		A5698201254ABF5600863860 /* PhotoCollectionViewCell.swift in Sources */ = {isa = PBXBuildFile; fileRef = A5698200254ABF5600863860 /* PhotoCollectionViewCell.swift */; };
		A5698204254AC85B00863860 /* ImageStore.swift in Sources */ = {isa = PBXBuildFile; fileRef = A5698203254AC85B00863860 /* ImageStore.swift */; };
		A5698207254AC9E900863860 /* PhotoInfoViewController.swift in Sources */ = {isa = PBXBuildFile; fileRef = A5698206254AC9E900863860 /* PhotoInfoViewController.swift */; };
/* End PBXBuildFile section */

/* Begin PBXFileReference section */
		A5160A5725489BE700A86C1E /* Photorama.app */ = {isa = PBXFileReference; explicitFileType = wrapper.application; includeInIndex = 0; path = Photorama.app; sourceTree = BUILT_PRODUCTS_DIR; };
		A5160A5A25489BE700A86C1E /* AppDelegate.swift */ = {isa = PBXFileReference; lastKnownFileType = sourcecode.swift; path = AppDelegate.swift; sourceTree = "<group>"; };
		A5160A5C25489BE700A86C1E /* SceneDelegate.swift */ = {isa = PBXFileReference; lastKnownFileType = sourcecode.swift; path = SceneDelegate.swift; sourceTree = "<group>"; };
		A5160A5E25489BE700A86C1E /* PhotosViewController.swift */ = {isa = PBXFileReference; lastKnownFileType = sourcecode.swift; path = PhotosViewController.swift; sourceTree = "<group>"; };
		A5160A6125489BE700A86C1E /* Base */ = {isa = PBXFileReference; lastKnownFileType = file.storyboard; name = Base; path = Base.lproj/Main.storyboard; sourceTree = "<group>"; };
		A5160A6325489BEE00A86C1E /* Assets.xcassets */ = {isa = PBXFileReference; lastKnownFileType = folder.assetcatalog; path = Assets.xcassets; sourceTree = "<group>"; };
		A5160A6625489BEE00A86C1E /* Base */ = {isa = PBXFileReference; lastKnownFileType = file.storyboard; name = Base; path = Base.lproj/LaunchScreen.storyboard; sourceTree = "<group>"; };
		A5160A6825489BEE00A86C1E /* Info.plist */ = {isa = PBXFileReference; lastKnownFileType = text.plist.xml; path = Info.plist; sourceTree = "<group>"; };
		A5160A702548ABC700A86C1E /* FlickrAPI.swift */ = {isa = PBXFileReference; lastKnownFileType = sourcecode.swift; path = FlickrAPI.swift; sourceTree = "<group>"; };
		A5160A732548B8CC00A86C1E /* PhotoStore.swift */ = {isa = PBXFileReference; lastKnownFileType = sourcecode.swift; path = PhotoStore.swift; sourceTree = "<group>"; };
		A5160A762549431700A86C1E /* Photo.swift */ = {isa = PBXFileReference; lastKnownFileType = sourcecode.swift; path = Photo.swift; sourceTree = "<group>"; };
		A56981F9254AAB5A00863860 /* PhotoDataSource.swift */ = {isa = PBXFileReference; lastKnownFileType = sourcecode.swift; path = PhotoDataSource.swift; sourceTree = "<group>"; };
		A56981FC254AADCB00863860 /* allPhotoViewController.swift */ = {isa = PBXFileReference; lastKnownFileType = sourcecode.swift; path = allPhotoViewController.swift; sourceTree = "<group>"; };
		A5698200254ABF5600863860 /* PhotoCollectionViewCell.swift */ = {isa = PBXFileReference; lastKnownFileType = sourcecode.swift; path = PhotoCollectionViewCell.swift; sourceTree = "<group>"; };
		A5698203254AC85B00863860 /* ImageStore.swift */ = {isa = PBXFileReference; fileEncoding = 4; lastKnownFileType = sourcecode.swift; path = ImageStore.swift; sourceTree = "<group>"; };
		A5698206254AC9E900863860 /* PhotoInfoViewController.swift */ = {isa = PBXFileReference; lastKnownFileType = sourcecode.swift; path = PhotoInfoViewController.swift; sourceTree = "<group>"; };
/* End PBXFileReference section */

/* Begin PBXFrameworksBuildPhase section */
		A5160A5425489BE700A86C1E /* Frameworks */ = {
			isa = PBXFrameworksBuildPhase;
			buildActionMask = 2147483647;
			files = (
			);
			runOnlyForDeploymentPostprocessing = 0;
		};
/* End PBXFrameworksBuildPhase section */

/* Begin PBXGroup section */
		A5160A4E25489BE700A86C1E = {
			isa = PBXGroup;
			children = (
				A5160A5925489BE700A86C1E /* Photorama */,
				A5160A5825489BE700A86C1E /* Products */,
			);
			sourceTree = "<group>";
		};
		A5160A5825489BE700A86C1E /* Products */ = {
			isa = PBXGroup;
			children = (
				A5160A5725489BE700A86C1E /* Photorama.app */,
			);
			name = Products;
			sourceTree = "<group>";
		};
		A5160A5925489BE700A86C1E /* Photorama */ = {
			isa = PBXGroup;
			children = (
				A5160A5A25489BE700A86C1E /* AppDelegate.swift */,
				A5160A5C25489BE700A86C1E /* SceneDelegate.swift */,
				A56981FC254AADCB00863860 /* allPhotoViewController.swift */,
				A56981F9254AAB5A00863860 /* PhotoDataSource.swift */,
				A5698200254ABF5600863860 /* PhotoCollectionViewCell.swift */,
				A5698206254AC9E900863860 /* PhotoInfoViewController.swift */,
				A5698203254AC85B00863860 /* ImageStore.swift */,
				A5160A6025489BE700A86C1E /* Main.storyboard */,
				A5160A5E25489BE700A86C1E /* PhotosViewController.swift */,
				A5160A702548ABC700A86C1E /* FlickrAPI.swift */,
				A5160A762549431700A86C1E /* Photo.swift */,
				A5160A732548B8CC00A86C1E /* PhotoStore.swift */,
				A5160A6325489BEE00A86C1E /* Assets.xcassets */,
				A5160A6525489BEE00A86C1E /* LaunchScreen.storyboard */,
				A5160A6825489BEE00A86C1E /* Info.plist */,
			);
			path = Photorama;
			sourceTree = "<group>";
		};
/* End PBXGroup section */

/* Begin PBXNativeTarget section */
		A5160A5625489BE700A86C1E /* Photorama */ = {
			isa = PBXNativeTarget;
			buildConfigurationList = A5160A6B25489BEE00A86C1E /* Build configuration list for PBXNativeTarget "Photorama" */;
			buildPhases = (
				A5160A5325489BE700A86C1E /* Sources */,
				A5160A5425489BE700A86C1E /* Frameworks */,
				A5160A5525489BE700A86C1E /* Resources */,
			);
			buildRules = (
			);
			dependencies = (
			);
			name = Photorama;
			productName = Photorama;
			productReference = A5160A5725489BE700A86C1E /* Photorama.app */;
			productType = "com.apple.product-type.application";
		};
/* End PBXNativeTarget section */

/* Begin PBXProject section */
		A5160A4F25489BE700A86C1E /* Project object */ = {
			isa = PBXProject;
			attributes = {
				LastSwiftUpdateCheck = 1200;
				LastUpgradeCheck = 1200;
				TargetAttributes = {
					A5160A5625489BE700A86C1E = {
						CreatedOnToolsVersion = 12.0.1;
					};
				};
			};
			buildConfigurationList = A5160A5225489BE700A86C1E /* Build configuration list for PBXProject "Photorama" */;
			compatibilityVersion = "Xcode 9.3";
			developmentRegion = en;
			hasScannedForEncodings = 0;
			knownRegions = (
				en,
				Base,
			);
			mainGroup = A5160A4E25489BE700A86C1E;
			productRefGroup = A5160A5825489BE700A86C1E /* Products */;
			projectDirPath = "";
			projectRoot = "";
			targets = (
				A5160A5625489BE700A86C1E /* Photorama */,
			);
		};
/* End PBXProject section */

/* Begin PBXResourcesBuildPhase section */
		A5160A5525489BE700A86C1E /* Resources */ = {
			isa = PBXResourcesBuildPhase;
			buildActionMask = 2147483647;
			files = (
				A5160A6725489BEE00A86C1E /* LaunchScreen.storyboard in Resources */,
				A5160A6425489BEE00A86C1E /* Assets.xcassets in Resources */,
				A5160A6225489BE700A86C1E /* Main.storyboard in Resources */,
			);
			runOnlyForDeploymentPostprocessing = 0;
		};
/* End PBXResourcesBuildPhase section */

/* Begin PBXSourcesBuildPhase section */
		A5160A5325489BE700A86C1E /* Sources */ = {
			isa = PBXSourcesBuildPhase;
			buildActionMask = 2147483647;
			files = (
				A5160A772549431700A86C1E /* Photo.swift in Sources */,
				A56981FD254AADCB00863860 /* allPhotoViewController.swift in Sources */,
				A56981FA254AAB5A00863860 /* PhotoDataSource.swift in Sources */,
				A5698204254AC85B00863860 /* ImageStore.swift in Sources */,
				A5160A742548B8CC00A86C1E /* PhotoStore.swift in Sources */,
				A5160A5F25489BE700A86C1E /* PhotosViewController.swift in Sources */,
				A5698201254ABF5600863860 /* PhotoCollectionViewCell.swift in Sources */,
				A5698207254AC9E900863860 /* PhotoInfoViewController.swift in Sources */,
				A5160A5B25489BE700A86C1E /* AppDelegate.swift in Sources */,
				A5160A5D25489BE700A86C1E /* SceneDelegate.swift in Sources */,
				A5160A712548ABC700A86C1E /* FlickrAPI.swift in Sources */,
			);
			runOnlyForDeploymentPostprocessing = 0;
		};
/* End PBXSourcesBuildPhase section */

/* Begin PBXVariantGroup section */
		A5160A6025489BE700A86C1E /* Main.storyboard */ = {
			isa = PBXVariantGroup;
			children = (
				A5160A6125489BE700A86C1E /* Base */,
			);
			name = Main.storyboard;
			sourceTree = "<group>";
		};
		A5160A6525489BEE00A86C1E /* LaunchScreen.storyboard */ = {
			isa = PBXVariantGroup;
			children = (
				A5160A6625489BEE00A86C1E /* Base */,
			);
			name = LaunchScreen.storyboard;
			sourceTree = "<group>";
		};
/* End PBXVariantGroup section */

/* Begin XCBuildConfiguration section */
		A5160A6925489BEE00A86C1E /* Debug */ = {
			isa = XCBuildConfiguration;
			buildSettings = {
				ALWAYS_SEARCH_USER_PATHS = NO;
				CLANG_ANALYZER_NONNULL = YES;
				CLANG_ANALYZER_NUMBER_OBJECT_CONVERSION = YES_AGGRESSIVE;
				CLANG_CXX_LANGUAGE_STANDARD = "gnu++14";
				CLANG_CXX_LIBRARY = "libc++";
				CLANG_ENABLE_MODULES = YES;
				CLANG_ENABLE_OBJC_ARC = YES;
				CLANG_ENABLE_OBJC_WEAK = YES;
				CLANG_WARN_BLOCK_CAPTURE_AUTORELEASING = YES;
				CLANG_WARN_BOOL_CONVERSION = YES;
				CLANG_WARN_COMMA = YES;
				CLANG_WARN_CONSTANT_CONVERSION = YES;
				CLANG_WARN_DEPRECATED_OBJC_IMPLEMENTATIONS = YES;
				CLANG_WARN_DIRECT_OBJC_ISA_USAGE = YES_ERROR;
				CLANG_WARN_DOCUMENTATION_COMMENTS = YES;
				CLANG_WARN_EMPTY_BODY = YES;
				CLANG_WARN_ENUM_CONVERSION = YES;
				CLANG_WARN_INFINITE_RECURSION = YES;
				CLANG_WARN_INT_CONVERSION = YES;
				CLANG_WARN_NON_LITERAL_NULL_CONVERSION = YES;
				CLANG_WARN_OBJC_IMPLICIT_RETAIN_SELF = YES;
				CLANG_WARN_OBJC_LITERAL_CONVERSION = YES;
				CLANG_WARN_OBJC_ROOT_CLASS = YES_ERROR;
				CLANG_WARN_QUOTED_INCLUDE_IN_FRAMEWORK_HEADER = YES;
				CLANG_WARN_RANGE_LOOP_ANALYSIS = YES;
				CLANG_WARN_STRICT_PROTOTYPES = YES;
				CLANG_WARN_SUSPICIOUS_MOVE = YES;
				CLANG_WARN_UNGUARDED_AVAILABILITY = YES_AGGRESSIVE;
				CLANG_WARN_UNREACHABLE_CODE = YES;
				CLANG_WARN__DUPLICATE_METHOD_MATCH = YES;
				COPY_PHASE_STRIP = NO;
				DEBUG_INFORMATION_FORMAT = dwarf;
				ENABLE_STRICT_OBJC_MSGSEND = YES;
				ENABLE_TESTABILITY = YES;
				GCC_C_LANGUAGE_STANDARD = gnu11;
				GCC_DYNAMIC_NO_PIC = NO;
				GCC_NO_COMMON_BLOCKS = YES;
				GCC_OPTIMIZATION_LEVEL = 0;
				GCC_PREPROCESSOR_DEFINITIONS = (
					"DEBUG=1",
					"$(inherited)",
				);
				GCC_WARN_64_TO_32_BIT_CONVERSION = YES;
				GCC_WARN_ABOUT_RETURN_TYPE = YES_ERROR;
				GCC_WARN_UNDECLARED_SELECTOR = YES;
				GCC_WARN_UNINITIALIZED_AUTOS = YES_AGGRESSIVE;
				GCC_WARN_UNUSED_FUNCTION = YES;
				GCC_WARN_UNUSED_VARIABLE = YES;
				IPHONEOS_DEPLOYMENT_TARGET = 14.0;
				MTL_ENABLE_DEBUG_INFO = INCLUDE_SOURCE;
				MTL_FAST_MATH = YES;
				ONLY_ACTIVE_ARCH = YES;
				SDKROOT = iphoneos;
				SWIFT_ACTIVE_COMPILATION_CONDITIONS = DEBUG;
				SWIFT_OPTIMIZATION_LEVEL = "-Onone";
			};
			name = Debug;
		};
		A5160A6A25489BEE00A86C1E /* Release */ = {
			isa = XCBuildConfiguration;
			buildSettings = {
				ALWAYS_SEARCH_USER_PATHS = NO;
				CLANG_ANALYZER_NONNULL = YES;
				CLANG_ANALYZER_NUMBER_OBJECT_CONVERSION = YES_AGGRESSIVE;
				CLANG_CXX_LANGUAGE_STANDARD = "gnu++14";
				CLANG_CXX_LIBRARY = "libc++";
				CLANG_ENABLE_MODULES = YES;
				CLANG_ENABLE_OBJC_ARC = YES;
				CLANG_ENABLE_OBJC_WEAK = YES;
				CLANG_WARN_BLOCK_CAPTURE_AUTORELEASING = YES;
				CLANG_WARN_BOOL_CONVERSION = YES;
				CLANG_WARN_COMMA = YES;
				CLANG_WARN_CONSTANT_CONVERSION = YES;
				CLANG_WARN_DEPRECATED_OBJC_IMPLEMENTATIONS = YES;
				CLANG_WARN_DIRECT_OBJC_ISA_USAGE = YES_ERROR;
				CLANG_WARN_DOCUMENTATION_COMMENTS = YES;
				CLANG_WARN_EMPTY_BODY = YES;
				CLANG_WARN_ENUM_CONVERSION = YES;
				CLANG_WARN_INFINITE_RECURSION = YES;
				CLANG_WARN_INT_CONVERSION = YES;
				CLANG_WARN_NON_LITERAL_NULL_CONVERSION = YES;
				CLANG_WARN_OBJC_IMPLICIT_RETAIN_SELF = YES;
				CLANG_WARN_OBJC_LITERAL_CONVERSION = YES;
				CLANG_WARN_OBJC_ROOT_CLASS = YES_ERROR;
				CLANG_WARN_QUOTED_INCLUDE_IN_FRAMEWORK_HEADER = YES;
				CLANG_WARN_RANGE_LOOP_ANALYSIS = YES;
				CLANG_WARN_STRICT_PROTOTYPES = YES;
				CLANG_WARN_SUSPICIOUS_MOVE = YES;
				CLANG_WARN_UNGUARDED_AVAILABILITY = YES_AGGRESSIVE;
				CLANG_WARN_UNREACHABLE_CODE = YES;
				CLANG_WARN__DUPLICATE_METHOD_MATCH = YES;
				COPY_PHASE_STRIP = NO;
				DEBUG_INFORMATION_FORMAT = "dwarf-with-dsym";
				ENABLE_NS_ASSERTIONS = NO;
				ENABLE_STRICT_OBJC_MSGSEND = YES;
				GCC_C_LANGUAGE_STANDARD = gnu11;
				GCC_NO_COMMON_BLOCKS = YES;
				GCC_WARN_64_TO_32_BIT_CONVERSION = YES;
				GCC_WARN_ABOUT_RETURN_TYPE = YES_ERROR;
				GCC_WARN_UNDECLARED_SELECTOR = YES;
				GCC_WARN_UNINITIALIZED_AUTOS = YES_AGGRESSIVE;
				GCC_WARN_UNUSED_FUNCTION = YES;
				GCC_WARN_UNUSED_VARIABLE = YES;
				IPHONEOS_DEPLOYMENT_TARGET = 14.0;
				MTL_ENABLE_DEBUG_INFO = NO;
				MTL_FAST_MATH = YES;
				SDKROOT = iphoneos;
				SWIFT_COMPILATION_MODE = wholemodule;
				SWIFT_OPTIMIZATION_LEVEL = "-O";
				VALIDATE_PRODUCT = YES;
			};
			name = Release;
		};
		A5160A6C25489BEE00A86C1E /* Debug */ = {
			isa = XCBuildConfiguration;
			buildSettings = {
				ASSETCATALOG_COMPILER_APPICON_NAME = AppIcon;
				ASSETCATALOG_COMPILER_GLOBAL_ACCENT_COLOR_NAME = AccentColor;
				CODE_SIGN_STYLE = Automatic;
				DEVELOPMENT_TEAM = 6W4MA25Y33;
				INFOPLIST_FILE = Photorama/Info.plist;
				LD_RUNPATH_SEARCH_PATHS = (
					"$(inherited)",
					"@executable_path/Frameworks",
				);
				PRODUCT_BUNDLE_IDENTIFIER = com.jawaLed.Photorama;
				PRODUCT_NAME = "$(TARGET_NAME)";
				SWIFT_VERSION = 5.0;
				TARGETED_DEVICE_FAMILY = "1,2";
			};
			name = Debug;
		};
		A5160A6D25489BEE00A86C1E /* Release */ = {
			isa = XCBuildConfiguration;
			buildSettings = {
				ASSETCATALOG_COMPILER_APPICON_NAME = AppIcon;
				ASSETCATALOG_COMPILER_GLOBAL_ACCENT_COLOR_NAME = AccentColor;
				CODE_SIGN_STYLE = Automatic;
				DEVELOPMENT_TEAM = 6W4MA25Y33;
				INFOPLIST_FILE = Photorama/Info.plist;
				LD_RUNPATH_SEARCH_PATHS = (
					"$(inherited)",
					"@executable_path/Frameworks",
				);
				PRODUCT_BUNDLE_IDENTIFIER = com.jawaLed.Photorama;
				PRODUCT_NAME = "$(TARGET_NAME)";
				SWIFT_VERSION = 5.0;
				TARGETED_DEVICE_FAMILY = "1,2";
			};
			name = Release;
		};
/* End XCBuildConfiguration section */

/* Begin XCConfigurationList section */
		A5160A5225489BE700A86C1E /* Build configuration list for PBXProject "Photorama" */ = {
			isa = XCConfigurationList;
			buildConfigurations = (
				A5160A6925489BEE00A86C1E /* Debug */,
				A5160A6A25489BEE00A86C1E /* Release */,
			);
			defaultConfigurationIsVisible = 0;
			defaultConfigurationName = Release;
		};
		A5160A6B25489BEE00A86C1E /* Build configuration list for PBXNativeTarget "Photorama" */ = {
			isa = XCConfigurationList;
			buildConfigurations = (
				A5160A6C25489BEE00A86C1E /* Debug */,
				A5160A6D25489BEE00A86C1E /* Release */,
			);
			defaultConfigurationIsVisible = 0;
			defaultConfigurationName = Release;
		};
/* End XCConfigurationList section */
	};
	rootObject = A5160A4F25489BE700A86C1E /* Project object */;
}
